// !$*UTF8*$!
{
	archiveVersion = 1;
	classes = {
	};
	objectVersion = 55;
	objects = {

/* Begin PBXBuildFile section */
		9660C64E28A0CE3900D76F1D /* FacebookTimeLineApp.swift in Sources */ = {isa = PBXBuildFile; fileRef = 9660C64D28A0CE3900D76F1D /* FacebookTimeLineApp.swift */; };
		9660C65028A0CE3900D76F1D /* ContentView.swift in Sources */ = {isa = PBXBuildFile; fileRef = 9660C64F28A0CE3900D76F1D /* ContentView.swift */; };
		9660C65228A0CE3F00D76F1D /* Assets.xcassets in Resources */ = {isa = PBXBuildFile; fileRef = 9660C65128A0CE3F00D76F1D /* Assets.xcassets */; };
		9660C65528A0CE3F00D76F1D /* Preview Assets.xcassets in Resources */ = {isa = PBXBuildFile; fileRef = 9660C65428A0CE3F00D76F1D /* Preview Assets.xcassets */; };
		9660C65F28A0CE4000D76F1D /* FacebookTimeLineTests.swift in Sources */ = {isa = PBXBuildFile; fileRef = 9660C65E28A0CE4000D76F1D /* FacebookTimeLineTests.swift */; };
		9660C66928A0CE4000D76F1D /* FacebookTimeLineUITests.swift in Sources */ = {isa = PBXBuildFile; fileRef = 9660C66828A0CE4000D76F1D /* FacebookTimeLineUITests.swift */; };
		9660C66B28A0CE4000D76F1D /* FacebookTimeLineUITestsLaunchTests.swift in Sources */ = {isa = PBXBuildFile; fileRef = 9660C66A28A0CE4000D76F1D /* FacebookTimeLineUITestsLaunchTests.swift */; };
		9660C67928A0EA2F00D76F1D /* RoomItem.swift in Sources */ = {isa = PBXBuildFile; fileRef = 9660C67828A0EA2F00D76F1D /* RoomItem.swift */; };
		9660C67B28A0EFAA00D76F1D /* StoryItem.swift in Sources */ = {isa = PBXBuildFile; fileRef = 9660C67A28A0EFAA00D76F1D /* StoryItem.swift */; };
		9660C67D28A0F95B00D76F1D /* PostItem.swift in Sources */ = {isa = PBXBuildFile; fileRef = 9660C67C28A0F95B00D76F1D /* PostItem.swift */; };
/* End PBXBuildFile section */

/* Begin PBXContainerItemProxy section */
		9660C65B28A0CE4000D76F1D /* PBXContainerItemProxy */ = {
			isa = PBXContainerItemProxy;
			containerPortal = 9660C64228A0CE3900D76F1D /* Project object */;
			proxyType = 1;
			remoteGlobalIDString = 9660C64928A0CE3900D76F1D;
			remoteInfo = FacebookTimeLine;
		};
		9660C66528A0CE4000D76F1D /* PBXContainerItemProxy */ = {
			isa = PBXContainerItemProxy;
			containerPortal = 9660C64228A0CE3900D76F1D /* Project object */;
			proxyType = 1;
			remoteGlobalIDString = 9660C64928A0CE3900D76F1D;
			remoteInfo = FacebookTimeLine;
		};
/* End PBXContainerItemProxy section */

/* Begin PBXFileReference section */
		9660C64A28A0CE3900D76F1D /* FacebookTimeLine.app */ = {isa = PBXFileReference; explicitFileType = wrapper.application; includeInIndex = 0; path = FacebookTimeLine.app; sourceTree = BUILT_PRODUCTS_DIR; };
		9660C64D28A0CE3900D76F1D /* FacebookTimeLineApp.swift */ = {isa = PBXFileReference; lastKnownFileType = sourcecode.swift; path = FacebookTimeLineApp.swift; sourceTree = "<group>"; };
		9660C64F28A0CE3900D76F1D /* ContentView.swift */ = {isa = PBXFileReference; lastKnownFileType = sourcecode.swift; path = ContentView.swift; sourceTree = "<group>"; };
		9660C65128A0CE3F00D76F1D /* Assets.xcassets */ = {isa = PBXFileReference; lastKnownFileType = folder.assetcatalog; path = Assets.xcassets; sourceTree = "<group>"; };
		9660C65428A0CE3F00D76F1D /* Preview Assets.xcassets */ = {isa = PBXFileReference; lastKnownFileType = folder.assetcatalog; path = "Preview Assets.xcassets"; sourceTree = "<group>"; };
		9660C65A28A0CE4000D76F1D /* FacebookTimeLineTests.xctest */ = {isa = PBXFileReference; explicitFileType = wrapper.cfbundle; includeInIndex = 0; path = FacebookTimeLineTests.xctest; sourceTree = BUILT_PRODUCTS_DIR; };
		9660C65E28A0CE4000D76F1D /* FacebookTimeLineTests.swift */ = {isa = PBXFileReference; lastKnownFileType = sourcecode.swift; path = FacebookTimeLineTests.swift; sourceTree = "<group>"; };
		9660C66428A0CE4000D76F1D /* FacebookTimeLineUITests.xctest */ = {isa = PBXFileReference; explicitFileType = wrapper.cfbundle; includeInIndex = 0; path = FacebookTimeLineUITests.xctest; sourceTree = BUILT_PRODUCTS_DIR; };
		9660C66828A0CE4000D76F1D /* FacebookTimeLineUITests.swift */ = {isa = PBXFileReference; lastKnownFileType = sourcecode.swift; path = FacebookTimeLineUITests.swift; sourceTree = "<group>"; };
		9660C66A28A0CE4000D76F1D /* FacebookTimeLineUITestsLaunchTests.swift */ = {isa = PBXFileReference; lastKnownFileType = sourcecode.swift; path = FacebookTimeLineUITestsLaunchTests.swift; sourceTree = "<group>"; };
		9660C67828A0EA2F00D76F1D /* RoomItem.swift */ = {isa = PBXFileReference; lastKnownFileType = sourcecode.swift; path = RoomItem.swift; sourceTree = "<group>"; };
		9660C67A28A0EFAA00D76F1D /* StoryItem.swift */ = {isa = PBXFileReference; lastKnownFileType = sourcecode.swift; path = StoryItem.swift; sourceTree = "<group>"; };
		9660C67C28A0F95B00D76F1D /* PostItem.swift */ = {isa = PBXFileReference; lastKnownFileType = sourcecode.swift; path = PostItem.swift; sourceTree = "<group>"; };
/* End PBXFileReference section */

/* Begin PBXFrameworksBuildPhase section */
		9660C64728A0CE3900D76F1D /* Frameworks */ = {
			isa = PBXFrameworksBuildPhase;
			buildActionMask = 2147483647;
			files = (
			);
			runOnlyForDeploymentPostprocessing = 0;
		};
		9660C65728A0CE4000D76F1D /* Frameworks */ = {
			isa = PBXFrameworksBuildPhase;
			buildActionMask = 2147483647;
			files = (
			);
			runOnlyForDeploymentPostprocessing = 0;
		};
		9660C66128A0CE4000D76F1D /* Frameworks */ = {
			isa = PBXFrameworksBuildPhase;
			buildActionMask = 2147483647;
			files = (
			);
			runOnlyForDeploymentPostprocessing = 0;
		};
/* End PBXFrameworksBuildPhase section */

/* Begin PBXGroup section */
		9660C64128A0CE3900D76F1D = {
			isa = PBXGroup;
			children = (
				9660C64C28A0CE3900D76F1D /* FacebookTimeLine */,
				9660C65D28A0CE4000D76F1D /* FacebookTimeLineTests */,
				9660C66728A0CE4000D76F1D /* FacebookTimeLineUITests */,
				9660C64B28A0CE3900D76F1D /* Products */,
			);
			sourceTree = "<group>";
		};
		9660C64B28A0CE3900D76F1D /* Products */ = {
			isa = PBXGroup;
			children = (
				9660C64A28A0CE3900D76F1D /* FacebookTimeLine.app */,
				9660C65A28A0CE4000D76F1D /* FacebookTimeLineTests.xctest */,
				9660C66428A0CE4000D76F1D /* FacebookTimeLineUITests.xctest */,
			);
			name = Products;
			sourceTree = "<group>";
		};
		9660C64C28A0CE3900D76F1D /* FacebookTimeLine */ = {
			isa = PBXGroup;
			children = (
				9660C67728A0EA1500D76F1D /* cells */,
				9660C64D28A0CE3900D76F1D /* FacebookTimeLineApp.swift */,
				9660C64F28A0CE3900D76F1D /* ContentView.swift */,
				9660C65128A0CE3F00D76F1D /* Assets.xcassets */,
				9660C65328A0CE3F00D76F1D /* Preview Content */,
			);
			path = FacebookTimeLine;
			sourceTree = "<group>";
		};
		9660C65328A0CE3F00D76F1D /* Preview Content */ = {
			isa = PBXGroup;
			children = (
				9660C65428A0CE3F00D76F1D /* Preview Assets.xcassets */,
			);
			path = "Preview Content";
			sourceTree = "<group>";
		};
		9660C65D28A0CE4000D76F1D /* FacebookTimeLineTests */ = {
			isa = PBXGroup;
			children = (
				9660C65E28A0CE4000D76F1D /* FacebookTimeLineTests.swift */,
			);
			path = FacebookTimeLineTests;
			sourceTree = "<group>";
		};
		9660C66728A0CE4000D76F1D /* FacebookTimeLineUITests */ = {
			isa = PBXGroup;
			children = (
				9660C66828A0CE4000D76F1D /* FacebookTimeLineUITests.swift */,
				9660C66A28A0CE4000D76F1D /* FacebookTimeLineUITestsLaunchTests.swift */,
			);
			path = FacebookTimeLineUITests;
			sourceTree = "<group>";
		};
		9660C67728A0EA1500D76F1D /* cells */ = {
			isa = PBXGroup;
			children = (
				9660C67828A0EA2F00D76F1D /* RoomItem.swift */,
				9660C67A28A0EFAA00D76F1D /* StoryItem.swift */,
				9660C67C28A0F95B00D76F1D /* PostItem.swift */,
			);
			path = cells;
			sourceTree = "<group>";
		};
/* End PBXGroup section */

/* Begin PBXNativeTarget section */
		9660C64928A0CE3900D76F1D /* FacebookTimeLine */ = {
			isa = PBXNativeTarget;
			buildConfigurationList = 9660C66E28A0CE4000D76F1D /* Build configuration list for PBXNativeTarget "FacebookTimeLine" */;
			buildPhases = (
				9660C64628A0CE3900D76F1D /* Sources */,
				9660C64728A0CE3900D76F1D /* Frameworks */,
				9660C64828A0CE3900D76F1D /* Resources */,
			);
			buildRules = (
			);
			dependencies = (
			);
			name = FacebookTimeLine;
			productName = FacebookTimeLine;
			productReference = 9660C64A28A0CE3900D76F1D /* FacebookTimeLine.app */;
			productType = "com.apple.product-type.application";
		};
		9660C65928A0CE4000D76F1D /* FacebookTimeLineTests */ = {
			isa = PBXNativeTarget;
			buildConfigurationList = 9660C67128A0CE4000D76F1D /* Build configuration list for PBXNativeTarget "FacebookTimeLineTests" */;
			buildPhases = (
				9660C65628A0CE4000D76F1D /* Sources */,
				9660C65728A0CE4000D76F1D /* Frameworks */,
				9660C65828A0CE4000D76F1D /* Resources */,
			);
			buildRules = (
			);
			dependencies = (
				9660C65C28A0CE4000D76F1D /* PBXTargetDependency */,
			);
			name = FacebookTimeLineTests;
			productName = FacebookTimeLineTests;
			productReference = 9660C65A28A0CE4000D76F1D /* FacebookTimeLineTests.xctest */;
			productType = "com.apple.product-type.bundle.unit-test";
		};
		9660C66328A0CE4000D76F1D /* FacebookTimeLineUITests */ = {
			isa = PBXNativeTarget;
			buildConfigurationList = 9660C67428A0CE4000D76F1D /* Build configuration list for PBXNativeTarget "FacebookTimeLineUITests" */;
			buildPhases = (
				9660C66028A0CE4000D76F1D /* Sources */,
				9660C66128A0CE4000D76F1D /* Frameworks */,
				9660C66228A0CE4000D76F1D /* Resources */,
			);
			buildRules = (
			);
			dependencies = (
				9660C66628A0CE4000D76F1D /* PBXTargetDependency */,
			);
			name = FacebookTimeLineUITests;
			productName = FacebookTimeLineUITests;
			productReference = 9660C66428A0CE4000D76F1D /* FacebookTimeLineUITests.xctest */;
			productType = "com.apple.product-type.bundle.ui-testing";
		};
/* End PBXNativeTarget section */

/* Begin PBXProject section */
		9660C64228A0CE3900D76F1D /* Project object */ = {
			isa = PBXProject;
			attributes = {
				BuildIndependentTargetsInParallel = 1;
				LastSwiftUpdateCheck = 1340;
				LastUpgradeCheck = 1340;
				TargetAttributes = {
					9660C64928A0CE3900D76F1D = {
						CreatedOnToolsVersion = 13.4.1;
					};
					9660C65928A0CE4000D76F1D = {
						CreatedOnToolsVersion = 13.4.1;
						TestTargetID = 9660C64928A0CE3900D76F1D;
					};
					9660C66328A0CE4000D76F1D = {
						CreatedOnToolsVersion = 13.4.1;
						TestTargetID = 9660C64928A0CE3900D76F1D;
					};
				};
			};
			buildConfigurationList = 9660C64528A0CE3900D76F1D /* Build configuration list for PBXProject "FacebookTimeLine" */;
			compatibilityVersion = "Xcode 13.0";
			developmentRegion = en;
			hasScannedForEncodings = 0;
			knownRegions = (
				en,
				Base,
			);
			mainGroup = 9660C64128A0CE3900D76F1D;
			productRefGroup = 9660C64B28A0CE3900D76F1D /* Products */;
			projectDirPath = "";
			projectRoot = "";
			targets = (
				9660C64928A0CE3900D76F1D /* FacebookTimeLine */,
				9660C65928A0CE4000D76F1D /* FacebookTimeLineTests */,
				9660C66328A0CE4000D76F1D /* FacebookTimeLineUITests */,
			);
		};
/* End PBXProject section */

/* Begin PBXResourcesBuildPhase section */
		9660C64828A0CE3900D76F1D /* Resources */ = {
			isa = PBXResourcesBuildPhase;
			buildActionMask = 2147483647;
			files = (
				9660C65528A0CE3F00D76F1D /* Preview Assets.xcassets in Resources */,
				9660C65228A0CE3F00D76F1D /* Assets.xcassets in Resources */,
			);
			runOnlyForDeploymentPostprocessing = 0;
		};
		9660C65828A0CE4000D76F1D /* Resources */ = {
			isa = PBXResourcesBuildPhase;
			buildActionMask = 2147483647;
			files = (
			);
			runOnlyForDeploymentPostprocessing = 0;
		};
		9660C66228A0CE4000D76F1D /* Resources */ = {
			isa = PBXResourcesBuildPhase;
			buildActionMask = 2147483647;
			files = (
			);
			runOnlyForDeploymentPostprocessing = 0;
		};
/* End PBXResourcesBuildPhase section */

/* Begin PBXSourcesBuildPhase section */
		9660C64628A0CE3900D76F1D /* Sources */ = {
			isa = PBXSourcesBuildPhase;
			buildActionMask = 2147483647;
			files = (
				9660C65028A0CE3900D76F1D /* ContentView.swift in Sources */,
				9660C64E28A0CE3900D76F1D /* FacebookTimeLineApp.swift in Sources */,
				9660C67D28A0F95B00D76F1D /* PostItem.swift in Sources */,
				9660C67B28A0EFAA00D76F1D /* StoryItem.swift in Sources */,
				9660C67928A0EA2F00D76F1D /* RoomItem.swift in Sources */,
			);
			runOnlyForDeploymentPostprocessing = 0;
		};
		9660C65628A0CE4000D76F1D /* Sources */ = {
			isa = PBXSourcesBuildPhase;
			buildActionMask = 2147483647;
			files = (
				9660C65F28A0CE4000D76F1D /* FacebookTimeLineTests.swift in Sources */,
			);
			runOnlyForDeploymentPostprocessing = 0;
		};
		9660C66028A0CE4000D76F1D /* Sources */ = {
			isa = PBXSourcesBuildPhase;
			buildActionMask = 2147483647;
			files = (
				9660C66928A0CE4000D76F1D /* FacebookTimeLineUITests.swift in Sources */,
				9660C66B28A0CE4000D76F1D /* FacebookTimeLineUITestsLaunchTests.swift in Sources */,
			);
			runOnlyForDeploymentPostprocessing = 0;
		};
/* End PBXSourcesBuildPhase section */

/* Begin PBXTargetDependency section */
		9660C65C28A0CE4000D76F1D /* PBXTargetDependency */ = {
			isa = PBXTargetDependency;
			target = 9660C64928A0CE3900D76F1D /* FacebookTimeLine */;
			targetProxy = 9660C65B28A0CE4000D76F1D /* PBXContainerItemProxy */;
		};
		9660C66628A0CE4000D76F1D /* PBXTargetDependency */ = {
			isa = PBXTargetDependency;
			target = 9660C64928A0CE3900D76F1D /* FacebookTimeLine */;
			targetProxy = 9660C66528A0CE4000D76F1D /* PBXContainerItemProxy */;
		};
/* End PBXTargetDependency section */

/* Begin XCBuildConfiguration section */
		9660C66C28A0CE4000D76F1D /* Debug */ = {
			isa = XCBuildConfiguration;
			buildSettings = {
				ALWAYS_SEARCH_USER_PATHS = NO;
				CLANG_ANALYZER_NONNULL = YES;
				CLANG_ANALYZER_NUMBER_OBJECT_CONVERSION = YES_AGGRESSIVE;
				CLANG_CXX_LANGUAGE_STANDARD = "gnu++17";
				CLANG_ENABLE_MODULES = YES;
				CLANG_ENABLE_OBJC_ARC = YES;
				CLANG_ENABLE_OBJC_WEAK = YES;
				CLANG_WARN_BLOCK_CAPTURE_AUTORELEASING = YES;
				CLANG_WARN_BOOL_CONVERSION = YES;
				CLANG_WARN_COMMA = YES;
				CLANG_WARN_CONSTANT_CONVERSION = YES;
				CLANG_WARN_DEPRECATED_OBJC_IMPLEMENTATIONS = YES;
				CLANG_WARN_DIRECT_OBJC_ISA_USAGE = YES_ERROR;
				CLANG_WARN_DOCUMENTATION_COMMENTS = YES;
				CLANG_WARN_EMPTY_BODY = YES;
				CLANG_WARN_ENUM_CONVERSION = YES;
				CLANG_WARN_INFINITE_RECURSION = YES;
				CLANG_WARN_INT_CONVERSION = YES;
				CLANG_WARN_NON_LITERAL_NULL_CONVERSION = YES;
				CLANG_WARN_OBJC_IMPLICIT_RETAIN_SELF = YES;
				CLANG_WARN_OBJC_LITERAL_CONVERSION = YES;
				CLANG_WARN_OBJC_ROOT_CLASS = YES_ERROR;
				CLANG_WARN_QUOTED_INCLUDE_IN_FRAMEWORK_HEADER = YES;
				CLANG_WARN_RANGE_LOOP_ANALYSIS = YES;
				CLANG_WARN_STRICT_PROTOTYPES = YES;
				CLANG_WARN_SUSPICIOUS_MOVE = YES;
				CLANG_WARN_UNGUARDED_AVAILABILITY = YES_AGGRESSIVE;
				CLANG_WARN_UNREACHABLE_CODE = YES;
				CLANG_WARN__DUPLICATE_METHOD_MATCH = YES;
				COPY_PHASE_STRIP = NO;
				DEBUG_INFORMATION_FORMAT = dwarf;
				ENABLE_STRICT_OBJC_MSGSEND = YES;
				ENABLE_TESTABILITY = YES;
				GCC_C_LANGUAGE_STANDARD = gnu11;
				GCC_DYNAMIC_NO_PIC = NO;
				GCC_NO_COMMON_BLOCKS = YES;
				GCC_OPTIMIZATION_LEVEL = 0;
				GCC_PREPROCESSOR_DEFINITIONS = (
					"DEBUG=1",
					"$(inherited)",
				);
				GCC_WARN_64_TO_32_BIT_CONVERSION = YES;
				GCC_WARN_ABOUT_RETURN_TYPE = YES_ERROR;
				GCC_WARN_UNDECLARED_SELECTOR = YES;
				GCC_WARN_UNINITIALIZED_AUTOS = YES_AGGRESSIVE;
				GCC_WARN_UNUSED_FUNCTION = YES;
				GCC_WARN_UNUSED_VARIABLE = YES;
				IPHONEOS_DEPLOYMENT_TARGET = 15.5;
				MTL_ENABLE_DEBUG_INFO = INCLUDE_SOURCE;
				MTL_FAST_MATH = YES;
				ONLY_ACTIVE_ARCH = YES;
				SDKROOT = iphoneos;
				SWIFT_ACTIVE_COMPILATION_CONDITIONS = DEBUG;
				SWIFT_OPTIMIZATION_LEVEL = "-Onone";
			};
			name = Debug;
		};
		9660C66D28A0CE4000D76F1D /* Release */ = {
			isa = XCBuildConfiguration;
			buildSettings = {
				ALWAYS_SEARCH_USER_PATHS = NO;
				CLANG_ANALYZER_NONNULL = YES;
				CLANG_ANALYZER_NUMBER_OBJECT_CONVERSION = YES_AGGRESSIVE;
				CLANG_CXX_LANGUAGE_STANDARD = "gnu++17";
				CLANG_ENABLE_MODULES = YES;
				CLANG_ENABLE_OBJC_ARC = YES;
				CLANG_ENABLE_OBJC_WEAK = YES;
				CLANG_WARN_BLOCK_CAPTURE_AUTORELEASING = YES;
				CLANG_WARN_BOOL_CONVERSION = YES;
				CLANG_WARN_COMMA = YES;
				CLANG_WARN_CONSTANT_CONVERSION = YES;
				CLANG_WARN_DEPRECATED_OBJC_IMPLEMENTATIONS = YES;
				CLANG_WARN_DIRECT_OBJC_ISA_USAGE = YES_ERROR;
				CLANG_WARN_DOCUMENTATION_COMMENTS = YES;
				CLANG_WARN_EMPTY_BODY = YES;
				CLANG_WARN_ENUM_CONVERSION = YES;
				CLANG_WARN_INFINITE_RECURSION = YES;
				CLANG_WARN_INT_CONVERSION = YES;
				CLANG_WARN_NON_LITERAL_NULL_CONVERSION = YES;
				CLANG_WARN_OBJC_IMPLICIT_RETAIN_SELF = YES;
				CLANG_WARN_OBJC_LITERAL_CONVERSION = YES;
				CLANG_WARN_OBJC_ROOT_CLASS = YES_ERROR;
				CLANG_WARN_QUOTED_INCLUDE_IN_FRAMEWORK_HEADER = YES;
				CLANG_WARN_RANGE_LOOP_ANALYSIS = YES;
				CLANG_WARN_STRICT_PROTOTYPES = YES;
				CLANG_WARN_SUSPICIOUS_MOVE = YES;
				CLANG_WARN_UNGUARDED_AVAILABILITY = YES_AGGRESSIVE;
				CLANG_WARN_UNREACHABLE_CODE = YES;
				CLANG_WARN__DUPLICATE_METHOD_MATCH = YES;
				COPY_PHASE_STRIP = NO;
				DEBUG_INFORMATION_FORMAT = "dwarf-with-dsym";
				ENABLE_NS_ASSERTIONS = NO;
				ENABLE_STRICT_OBJC_MSGSEND = YES;
				GCC_C_LANGUAGE_STANDARD = gnu11;
				GCC_NO_COMMON_BLOCKS = YES;
				GCC_WARN_64_TO_32_BIT_CONVERSION = YES;
				GCC_WARN_ABOUT_RETURN_TYPE = YES_ERROR;
				GCC_WARN_UNDECLARED_SELECTOR = YES;
				GCC_WARN_UNINITIALIZED_AUTOS = YES_AGGRESSIVE;
				GCC_WARN_UNUSED_FUNCTION = YES;
				GCC_WARN_UNUSED_VARIABLE = YES;
				IPHONEOS_DEPLOYMENT_TARGET = 15.5;
				MTL_ENABLE_DEBUG_INFO = NO;
				MTL_FAST_MATH = YES;
				SDKROOT = iphoneos;
				SWIFT_COMPILATION_MODE = wholemodule;
				SWIFT_OPTIMIZATION_LEVEL = "-O";
				VALIDATE_PRODUCT = YES;
			};
			name = Release;
		};
		9660C66F28A0CE4000D76F1D /* Debug */ = {
			isa = XCBuildConfiguration;
			buildSettings = {
				ASSETCATALOG_COMPILER_APPICON_NAME = AppIcon;
				ASSETCATALOG_COMPILER_GLOBAL_ACCENT_COLOR_NAME = AccentColor;
				CODE_SIGN_STYLE = Automatic;
				CURRENT_PROJECT_VERSION = 1;
				DEVELOPMENT_ASSET_PATHS = "\"FacebookTimeLine/Preview Content\"";
				ENABLE_PREVIEWS = YES;
				GENERATE_INFOPLIST_FILE = YES;
				INFOPLIST_KEY_UIApplicationSceneManifest_Generation = YES;
				INFOPLIST_KEY_UIApplicationSupportsIndirectInputEvents = YES;
				INFOPLIST_KEY_UILaunchScreen_Generation = YES;
				INFOPLIST_KEY_UISupportedInterfaceOrientations_iPad = "UIInterfaceOrientationPortrait UIInterfaceOrientationPortraitUpsideDown UIInterfaceOrientationLandscapeLeft UIInterfaceOrientationLandscapeRight";
				INFOPLIST_KEY_UISupportedInterfaceOrientations_iPhone = "UIInterfaceOrientationPortrait UIInterfaceOrientationLandscapeLeft UIInterfaceOrientationLandscapeRight";
				LD_RUNPATH_SEARCH_PATHS = (
					"$(inherited)",
					"@executable_path/Frameworks",
				);
				MARKETING_VERSION = 1.0;
				PRODUCT_BUNDLE_IDENTIFIER = Mysolt.FacebookTimeLine;
				PRODUCT_NAME = "$(TARGET_NAME)";
				SWIFT_EMIT_LOC_STRINGS = YES;
				SWIFT_VERSION = 5.0;
				TARGETED_DEVICE_FAMILY = "1,2";
			};
			name = Debug;
		};
		9660C67028A0CE4000D76F1D /* Release */ = {
			isa = XCBuildConfiguration;
			buildSettings = {
				ASSETCATALOG_COMPILER_APPICON_NAME = AppIcon;
				ASSETCATALOG_COMPILER_GLOBAL_ACCENT_COLOR_NAME = AccentColor;
				CODE_SIGN_STYLE = Automatic;
				CURRENT_PROJECT_VERSION = 1;
				DEVELOPMENT_ASSET_PATHS = "\"FacebookTimeLine/Preview Content\"";
				ENABLE_PREVIEWS = YES;
				GENERATE_INFOPLIST_FILE = YES;
				INFOPLIST_KEY_UIApplicationSceneManifest_Generation = YES;
				INFOPLIST_KEY_UIApplicationSupportsIndirectInputEvents = YES;
				INFOPLIST_KEY_UILaunchScreen_Generation = YES;
				INFOPLIST_KEY_UISupportedInterfaceOrientations_iPad = "UIInterfaceOrientationPortrait UIInterfaceOrientationPortraitUpsideDown UIInterfaceOrientationLandscapeLeft UIInterfaceOrientationLandscapeRight";
				INFOPLIST_KEY_UISupportedInterfaceOrientations_iPhone = "UIInterfaceOrientationPortrait UIInterfaceOrientationLandscapeLeft UIInterfaceOrientationLandscapeRight";
				LD_RUNPATH_SEARCH_PATHS = (
					"$(inherited)",
					"@executable_path/Frameworks",
				);
				MARKETING_VERSION = 1.0;
				PRODUCT_BUNDLE_IDENTIFIER = Mysolt.FacebookTimeLine;
				PRODUCT_NAME = "$(TARGET_NAME)";
				SWIFT_EMIT_LOC_STRINGS = YES;
				SWIFT_VERSION = 5.0;
				TARGETED_DEVICE_FAMILY = "1,2";
			};
			name = Release;
		};
		9660C67228A0CE4000D76F1D /* Debug */ = {
			isa = XCBuildConfiguration;
			buildSettings = {
				ALWAYS_EMBED_SWIFT_STANDARD_LIBRARIES = YES;
				BUNDLE_LOADER = "$(TEST_HOST)";
				CODE_SIGN_STYLE = Automatic;
				CURRENT_PROJECT_VERSION = 1;
				GENERATE_INFOPLIST_FILE = YES;
				IPHONEOS_DEPLOYMENT_TARGET = 15.5;
				MARKETING_VERSION = 1.0;
				PRODUCT_BUNDLE_IDENTIFIER = Mysolt.FacebookTimeLineTests;
				PRODUCT_NAME = "$(TARGET_NAME)";
				SWIFT_EMIT_LOC_STRINGS = NO;
				SWIFT_VERSION = 5.0;
				TARGETED_DEVICE_FAMILY = "1,2";
				TEST_HOST = "$(BUILT_PRODUCTS_DIR)/FacebookTimeLine.app/FacebookTimeLine";
			};
			name = Debug;
		};
		9660C67328A0CE4000D76F1D /* Release */ = {
			isa = XCBuildConfiguration;
			buildSettings = {
				ALWAYS_EMBED_SWIFT_STANDARD_LIBRARIES = YES;
				BUNDLE_LOADER = "$(TEST_HOST)";
				CODE_SIGN_STYLE = Automatic;
				CURRENT_PROJECT_VERSION = 1;
				GENERATE_INFOPLIST_FILE = YES;
				IPHONEOS_DEPLOYMENT_TARGET = 15.5;
				MARKETING_VERSION = 1.0;
				PRODUCT_BUNDLE_IDENTIFIER = Mysolt.FacebookTimeLineTests;
				PRODUCT_NAME = "$(TARGET_NAME)";
				SWIFT_EMIT_LOC_STRINGS = NO;
				SWIFT_VERSION = 5.0;
				TARGETED_DEVICE_FAMILY = "1,2";
				TEST_HOST = "$(BUILT_PRODUCTS_DIR)/FacebookTimeLine.app/FacebookTimeLine";
			};
			name = Release;
		};
		9660C67528A0CE4000D76F1D /* Debug */ = {
			isa = XCBuildConfiguration;
			buildSettings = {
				ALWAYS_EMBED_SWIFT_STANDARD_LIBRARIES = YES;
				CODE_SIGN_STYLE = Automatic;
				CURRENT_PROJECT_VERSION = 1;
				GENERATE_INFOPLIST_FILE = YES;
				MARKETING_VERSION = 1.0;
				PRODUCT_BUNDLE_IDENTIFIER = Mysolt.FacebookTimeLineUITests;
				PRODUCT_NAME = "$(TARGET_NAME)";
				SWIFT_EMIT_LOC_STRINGS = NO;
				SWIFT_VERSION = 5.0;
				TARGETED_DEVICE_FAMILY = "1,2";
				TEST_TARGET_NAME = FacebookTimeLine;
			};
			name = Debug;
		};
		9660C67628A0CE4000D76F1D /* Release */ = {
			isa = XCBuildConfiguration;
			buildSettings = {
				ALWAYS_EMBED_SWIFT_STANDARD_LIBRARIES = YES;
				CODE_SIGN_STYLE = Automatic;
				CURRENT_PROJECT_VERSION = 1;
				GENERATE_INFOPLIST_FILE = YES;
				MARKETING_VERSION = 1.0;
				PRODUCT_BUNDLE_IDENTIFIER = Mysolt.FacebookTimeLineUITests;
				PRODUCT_NAME = "$(TARGET_NAME)";
				SWIFT_EMIT_LOC_STRINGS = NO;
				SWIFT_VERSION = 5.0;
				TARGETED_DEVICE_FAMILY = "1,2";
				TEST_TARGET_NAME = FacebookTimeLine;
			};
			name = Release;
		};
/* End XCBuildConfiguration section */

/* Begin XCConfigurationList section */
		9660C64528A0CE3900D76F1D /* Build configuration list for PBXProject "FacebookTimeLine" */ = {
			isa = XCConfigurationList;
			buildConfigurations = (
				9660C66C28A0CE4000D76F1D /* Debug */,
				9660C66D28A0CE4000D76F1D /* Release */,
			);
			defaultConfigurationIsVisible = 0;
			defaultConfigurationName = Release;
		};
		9660C66E28A0CE4000D76F1D /* Build configuration list for PBXNativeTarget "FacebookTimeLine" */ = {
			isa = XCConfigurationList;
			buildConfigurations = (
				9660C66F28A0CE4000D76F1D /* Debug */,
				9660C67028A0CE4000D76F1D /* Release */,
			);
			defaultConfigurationIsVisible = 0;
			defaultConfigurationName = Release;
		};
		9660C67128A0CE4000D76F1D /* Build configuration list for PBXNativeTarget "FacebookTimeLineTests" */ = {
			isa = XCConfigurationList;
			buildConfigurations = (
				9660C67228A0CE4000D76F1D /* Debug */,
				9660C67328A0CE4000D76F1D /* Release */,
			);
			defaultConfigurationIsVisible = 0;
			defaultConfigurationName = Release;
		};
		9660C67428A0CE4000D76F1D /* Build configuration list for PBXNativeTarget "FacebookTimeLineUITests" */ = {
			isa = XCConfigurationList;
			buildConfigurations = (
				9660C67528A0CE4000D76F1D /* Debug */,
				9660C67628A0CE4000D76F1D /* Release */,
			);
			defaultConfigurationIsVisible = 0;
			defaultConfigurationName = Release;
		};
/* End XCConfigurationList section */
	};
	rootObject = 9660C64228A0CE3900D76F1D /* Project object */;
}
